
Microsoft Visual Studio Solution File, Format Version 12.00
# Visual Studio Version 17
VisualStudioVersion = 17.5.002.0
MinimumVisualStudioVersion = 10.0.40219.1
Project("{2150E333-8FDC-42A3-9474-1A3956D46DE8}") = "pkgs", "pkgs", "{F9D65841-4128-4307-8365-E721CE994235}"
EndProject
Project("{2150E333-8FDC-42A3-9474-1A3956D46DE8}") = "test", "test", "{D5281DD0-6C23-4976-BE0E-328F1BC4EBD5}"
EndProject
Project("{2150E333-8FDC-42A3-9474-1A3956D46DE8}") = "dotnet", "dotnet", "{3FDBB0F2-580F-4426-9A8E-1893359E86BD}"
EndProject
Project("{2150E333-8FDC-42A3-9474-1A3956D46DE8}") = "project-references", "project-references", "{E6B5332B-31DA-459D-82B0-038E6DA3EDBC}"
EndProject
Project("{9A19103F-16F7-4668-BE54-9A1E7A4F7556}") = "Application", "pkgs\test\dotnet\project-references\application\Application.csproj", "{325B6285-6CA2-42EF-969E-5BA45D5AE42B}"
EndProject
Project("{9A19103F-16F7-4668-BE54-9A1E7A4F7556}") = "Library", "pkgs\test\dotnet\project-references\library\Library.csproj", "{5B65DA2C-2B68-47CB-A73D-F7382265D9B9}"
EndProject
Global
	GlobalSection(SolutionConfigurationPlatforms) = preSolution
		Debug|Any CPU = Debug|Any CPU
		Release|Any CPU = Release|Any CPU
	EndGlobalSection
	GlobalSection(ProjectConfigurationPlatforms) = postSolution
		{325B6285-6CA2-42EF-969E-5BA45D5AE42B}.Debug|Any CPU.ActiveCfg = Debug|Any CPU
		{325B6285-6CA2-42EF-969E-5BA45D5AE42B}.Debug|Any CPU.Build.0 = Debug|Any CPU
		{325B6285-6CA2-42EF-969E-5BA45D5AE42B}.Release|Any CPU.ActiveCfg = Release|Any CPU
		{325B6285-6CA2-42EF-969E-5BA45D5AE42B}.Release|Any CPU.Build.0 = Release|Any CPU
		{5B65DA2C-2B68-47CB-A73D-F7382265D9B9}.Debug|Any CPU.ActiveCfg = Debug|Any CPU
		{5B65DA2C-2B68-47CB-A73D-F7382265D9B9}.Debug|Any CPU.Build.0 = Debug|Any CPU
		{5B65DA2C-2B68-47CB-A73D-F7382265D9B9}.Release|Any CPU.ActiveCfg = Release|Any CPU
		{5B65DA2C-2B68-47CB-A73D-F7382265D9B9}.Release|Any CPU.Build.0 = Release|Any CPU
	EndGlobalSection
	GlobalSection(SolutionProperties) = preSolution
		HideSolutionNode = FALSE
	EndGlobalSection
	GlobalSection(NestedProjects) = preSolution
		{D5281DD0-6C23-4976-BE0E-328F1BC4EBD5} = {F9D65841-4128-4307-8365-E721CE994235}
		{3FDBB0F2-580F-4426-9A8E-1893359E86BD} = {D5281DD0-6C23-4976-BE0E-328F1BC4EBD5}
		{E6B5332B-31DA-459D-82B0-038E6DA3EDBC} = {3FDBB0F2-580F-4426-9A8E-1893359E86BD}
		{325B6285-6CA2-42EF-969E-5BA45D5AE42B} = {E6B5332B-31DA-459D-82B0-038E6DA3EDBC}
		{5B65DA2C-2B68-47CB-A73D-F7382265D9B9} = {E6B5332B-31DA-459D-82B0-038E6DA3EDBC}
	EndGlobalSection
	GlobalSection(ExtensibilityGlobals) = postSolution
		SolutionGuid = {4C820463-6C7A-4522-A70A-7ED9F739A76F}
	EndGlobalSection
EndGlobal
